
Microsoft Visual Studio Solution File, Format Version 12.00
# Visual Studio Version 16
VisualStudioVersion = 16.0.30002.166
MinimumVisualStudioVersion = 10.0.40219.1
Project("{FAE04EC0-301F-11D3-BF4B-00C04F79EFBC}") = "SwordDamageCalculator", "SwordDamageCalculator.csproj", "{9FFC2FFB-B143-4E06-B10D-4AEA45BC459F}"
EndProject
Global
	GlobalSection(SolutionConfigurationPlatforms) = preSolution
		Debug|Any CPU = Debug|Any CPU
		Release|Any CPU = Release|Any CPU
	EndGlobalSection
	GlobalSection(ProjectConfigurationPlatforms) = postSolution
		{9FFC2FFB-B143-4E06-B10D-4AEA45BC459F}.Debug|Any CPU.ActiveCfg = Debug|Any CPU
		{9FFC2FFB-B143-4E06-B10D-4AEA45BC459F}.Debug|Any CPU.Build.0 = Debug|Any CPU
		{9FFC2FFB-B143-4E06-B10D-4AEA45BC459F}.Release|Any CPU.ActiveCfg = Release|Any CPU
		{9FFC2FFB-B143-4E06-B10D-4AEA45BC459F}.Release|Any CPU.Build.0 = Release|Any CPU
	EndGlobalSection
	GlobalSection(SolutionProperties) = preSolution
		HideSolutionNode = FALSE
	EndGlobalSection
	GlobalSection(ExtensibilityGlobals) = postSolution
		SolutionGuid = {B9725F6F-77D3-48FD-A91C-887AD30C6C61}
	EndGlobalSection
EndGlobal
